
Microsoft Visual Studio Solution File, Format Version 12.00
# Visual Studio Version 17
VisualStudioVersion = 17.9.34728.123
MinimumVisualStudioVersion = 10.0.40219.1
Project("{9A19103F-16F7-4668-BE54-9A1E7A4F7556}") = "SpeakerS", "SpeakerS\SpeakerS.csproj", "{D009F7E7-8DEF-4A58-9BBC-98EC2F8BE665}"
EndProject
Project("{9A19103F-16F7-4668-BE54-9A1E7A4F7556}") = "SpeakerMachine", "SpeakerMachine\SpeakerMachine.csproj", "{F750CF29-71B5-45C2-B29F-92EA88E81660}"
EndProject
Project("{9A19103F-16F7-4668-BE54-9A1E7A4F7556}") = "Packet", "Packet\Packet.csproj", "{1321D50F-A5CD-495A-BDFE-64F15660A39C}"
EndProject
Project("{FAE04EC0-301F-11D3-BF4B-00C04F79EFBC}") = "SpeakerWeb", "SpeakerWeb\SpeakerWeb.csproj", "{1B8937A8-22E1-4A8A-8437-560E47674E3C}"
EndProject
Global
	GlobalSection(SolutionConfigurationPlatforms) = preSolution
		Debug|Any CPU = Debug|Any CPU
		Release|Any CPU = Release|Any CPU
	EndGlobalSection
	GlobalSection(ProjectConfigurationPlatforms) = postSolution
		{D009F7E7-8DEF-4A58-9BBC-98EC2F8BE665}.Debug|Any CPU.ActiveCfg = Debug|Any CPU
		{D009F7E7-8DEF-4A58-9BBC-98EC2F8BE665}.Debug|Any CPU.Build.0 = Debug|Any CPU
		{D009F7E7-8DEF-4A58-9BBC-98EC2F8BE665}.Release|Any CPU.ActiveCfg = Release|Any CPU
		{D009F7E7-8DEF-4A58-9BBC-98EC2F8BE665}.Release|Any CPU.Build.0 = Release|Any CPU
		{F750CF29-71B5-45C2-B29F-92EA88E81660}.Debug|Any CPU.ActiveCfg = Debug|Any CPU
		{F750CF29-71B5-45C2-B29F-92EA88E81660}.Debug|Any CPU.Build.0 = Debug|Any CPU
		{F750CF29-71B5-45C2-B29F-92EA88E81660}.Release|Any CPU.ActiveCfg = Release|Any CPU
		{F750CF29-71B5-45C2-B29F-92EA88E81660}.Release|Any CPU.Build.0 = Release|Any CPU
		{1321D50F-A5CD-495A-BDFE-64F15660A39C}.Debug|Any CPU.ActiveCfg = Debug|Any CPU
		{1321D50F-A5CD-495A-BDFE-64F15660A39C}.Debug|Any CPU.Build.0 = Debug|Any CPU
		{1321D50F-A5CD-495A-BDFE-64F15660A39C}.Release|Any CPU.ActiveCfg = Release|Any CPU
		{1321D50F-A5CD-495A-BDFE-64F15660A39C}.Release|Any CPU.Build.0 = Release|Any CPU
		{1B8937A8-22E1-4A8A-8437-560E47674E3C}.Debug|Any CPU.ActiveCfg = Debug|Any CPU
		{1B8937A8-22E1-4A8A-8437-560E47674E3C}.Debug|Any CPU.Build.0 = Debug|Any CPU
		{1B8937A8-22E1-4A8A-8437-560E47674E3C}.Release|Any CPU.ActiveCfg = Release|Any CPU
		{1B8937A8-22E1-4A8A-8437-560E47674E3C}.Release|Any CPU.Build.0 = Release|Any CPU
	EndGlobalSection
	GlobalSection(SolutionProperties) = preSolution
		HideSolutionNode = FALSE
	EndGlobalSection
	GlobalSection(ExtensibilityGlobals) = postSolution
		SolutionGuid = {BF0BF030-1D0C-44E4-8320-D1E6D0E042C6}
	EndGlobalSection
EndGlobal
